
Microsoft Visual Studio Solution File, Format Version 12.00
# Visual Studio Version 16
VisualStudioVersion = 16.0.31005.135
MinimumVisualStudioVersion = 10.0.40219.1
Project("{9A19103F-16F7-4668-BE54-9A1E7A4F7556}") = "Calculator", "Calculator\Calculator.csproj", "{B45136B4-C4C1-4F6F-AAF9-94FD5672B86D}"
EndProject
Project("{FAE04EC0-301F-11D3-BF4B-00C04F79EFBC}") = "CalculatorTests", "CalculatorTests\CalculatorTests.csproj", "{5ACA4899-6AE2-428A-B67B-B304CD0F92D2}"
EndProject
Global
	GlobalSection(SolutionConfigurationPlatforms) = preSolution
		Debug|Any CPU = Debug|Any CPU
		Release|Any CPU = Release|Any CPU
	EndGlobalSection
	GlobalSection(ProjectConfigurationPlatforms) = postSolution
		{B45136B4-C4C1-4F6F-AAF9-94FD5672B86D}.Debug|Any CPU.ActiveCfg = Debug|Any CPU
		{B45136B4-C4C1-4F6F-AAF9-94FD5672B86D}.Debug|Any CPU.Build.0 = Debug|Any CPU
		{B45136B4-C4C1-4F6F-AAF9-94FD5672B86D}.Release|Any CPU.ActiveCfg = Release|Any CPU
		{B45136B4-C4C1-4F6F-AAF9-94FD5672B86D}.Release|Any CPU.Build.0 = Release|Any CPU
		{5ACA4899-6AE2-428A-B67B-B304CD0F92D2}.Debug|Any CPU.ActiveCfg = Debug|Any CPU
		{5ACA4899-6AE2-428A-B67B-B304CD0F92D2}.Debug|Any CPU.Build.0 = Debug|Any CPU
		{5ACA4899-6AE2-428A-B67B-B304CD0F92D2}.Release|Any CPU.ActiveCfg = Release|Any CPU
		{5ACA4899-6AE2-428A-B67B-B304CD0F92D2}.Release|Any CPU.Build.0 = Release|Any CPU
	EndGlobalSection
	GlobalSection(SolutionProperties) = preSolution
		HideSolutionNode = FALSE
	EndGlobalSection
	GlobalSection(ExtensibilityGlobals) = postSolution
		SolutionGuid = {BBBF2A99-EBE6-4767-8DD3-3BC48CF64A94}
	EndGlobalSection
EndGlobal
